
Microsoft Visual Studio Solution File, Format Version 12.00
# Visual Studio Version 17
VisualStudioVersion = 17.11.35222.181
MinimumVisualStudioVersion = 10.0.40219.1
Project("{9A19103F-16F7-4668-BE54-9A1E7A4F7556}") = "Xpos341", "Xpos341.csproj", "{F3807C6A-B77A-42AA-A290-869734C01D39}"
EndProject
Project("{9A19103F-16F7-4668-BE54-9A1E7A4F7556}") = "xpos341.datamodels", "..\xpos341.datamodels\xpos341.datamodels.csproj", "{D21A6855-6124-4295-B4BA-813B7F05ABA5}"
EndProject
Project("{9A19103F-16F7-4668-BE54-9A1E7A4F7556}") = "xpos341.viewmodels", "..\xpos341.viewmodels\xpos341.viewmodels.csproj", "{0EEE57B3-95A2-4EC4-8B6C-44F6079B713F}"
EndProject
Project("{FAE04EC0-301F-11D3-BF4B-00C04F79EFBC}") = "Xpos341.api", "..\Xpos341.api\Xpos341.api.csproj", "{4A6CC436-C125-4B3C-99D7-BF3DA6D3AB8B}"
EndProject
Global
	GlobalSection(SolutionConfigurationPlatforms) = preSolution
		Debug|Any CPU = Debug|Any CPU
		Release|Any CPU = Release|Any CPU
	EndGlobalSection
	GlobalSection(ProjectConfigurationPlatforms) = postSolution
		{F3807C6A-B77A-42AA-A290-869734C01D39}.Debug|Any CPU.ActiveCfg = Debug|Any CPU
		{F3807C6A-B77A-42AA-A290-869734C01D39}.Debug|Any CPU.Build.0 = Debug|Any CPU
		{F3807C6A-B77A-42AA-A290-869734C01D39}.Release|Any CPU.ActiveCfg = Release|Any CPU
		{F3807C6A-B77A-42AA-A290-869734C01D39}.Release|Any CPU.Build.0 = Release|Any CPU
		{D21A6855-6124-4295-B4BA-813B7F05ABA5}.Debug|Any CPU.ActiveCfg = Debug|Any CPU
		{D21A6855-6124-4295-B4BA-813B7F05ABA5}.Debug|Any CPU.Build.0 = Debug|Any CPU
		{D21A6855-6124-4295-B4BA-813B7F05ABA5}.Release|Any CPU.ActiveCfg = Release|Any CPU
		{D21A6855-6124-4295-B4BA-813B7F05ABA5}.Release|Any CPU.Build.0 = Release|Any CPU
		{0EEE57B3-95A2-4EC4-8B6C-44F6079B713F}.Debug|Any CPU.ActiveCfg = Debug|Any CPU
		{0EEE57B3-95A2-4EC4-8B6C-44F6079B713F}.Debug|Any CPU.Build.0 = Debug|Any CPU
		{0EEE57B3-95A2-4EC4-8B6C-44F6079B713F}.Release|Any CPU.ActiveCfg = Release|Any CPU
		{0EEE57B3-95A2-4EC4-8B6C-44F6079B713F}.Release|Any CPU.Build.0 = Release|Any CPU
		{4A6CC436-C125-4B3C-99D7-BF3DA6D3AB8B}.Debug|Any CPU.ActiveCfg = Debug|Any CPU
		{4A6CC436-C125-4B3C-99D7-BF3DA6D3AB8B}.Debug|Any CPU.Build.0 = Debug|Any CPU
		{4A6CC436-C125-4B3C-99D7-BF3DA6D3AB8B}.Release|Any CPU.ActiveCfg = Release|Any CPU
		{4A6CC436-C125-4B3C-99D7-BF3DA6D3AB8B}.Release|Any CPU.Build.0 = Release|Any CPU
	EndGlobalSection
	GlobalSection(SolutionProperties) = preSolution
		HideSolutionNode = FALSE
	EndGlobalSection
	GlobalSection(ExtensibilityGlobals) = postSolution
		SolutionGuid = {646F008C-2E8E-4135-9602-DDBCCBF0B676}
	EndGlobalSection
EndGlobal
